{
  "name": "LipSync",
  "lockfileVersion": 2,
  "requires": true,
  "packages": {
    "": {
      "dependencies": {
        "@types/node": "^18.7.20",
        "csinterface-ts": "^1.0.3",
        "types-for-adobe": "^7.0.6"
      }
    },
    "node_modules/@types/node": {
      "version": "18.7.20",
      "resolved": "https://registry.npmjs.org/@types/node/-/node-18.7.20.tgz",
      "integrity": "sha512-adzY4vLLr5Uivmx8+zfSJ5fbdgKxX8UMtjtl+17n0B1q1Nz8JEmE151vefMdpD+1gyh+77weN4qEhej/O7budQ=="
    },
    "node_modules/csinterface-ts": {
      "version": "1.0.3",
      "resolved": "https://registry.npmjs.org/csinterface-ts/-/csinterface-ts-1.0.3.tgz",
      "integrity": "sha512-6vbWav/DLzq80mogkaFKp7iEH3DeJNKiBnMRcgJhceFUv7zJ+QKHrqlXFEcOdcqo0tWQHRZuM8gi4QN9p5ykqw=="
    },
    "node_modules/types-for-adobe": {
      "version": "7.0.6",
      "resolved": "https://registry.npmjs.org/types-for-adobe/-/types-for-adobe-7.0.6.tgz",
      "integrity": "sha512-HhqTLj5TkI8HCm7NncG23H7VKrmvWhX2Gh0KpY2keISi1eJ+JYX715Jyi1ovmgPXPLBOS7i7ZlkgP4zvBOTo8Q=="
    }
  },
  "dependencies": {
    "@types/node": {
      "version": "18.7.20",
      "resolved": "https://registry.npmjs.org/@types/node/-/node-18.7.20.tgz",
      "integrity": "sha512-adzY4vLLr5Uivmx8+zfSJ5fbdgKxX8UMtjtl+17n0B1q1Nz8JEmE151vefMdpD+1gyh+77weN4qEhej/O7budQ=="
    },
    "csinterface-ts": {
      "version": "1.0.3",
      "resolved": "https://registry.npmjs.org/csinterface-ts/-/csinterface-ts-1.0.3.tgz",
      "integrity": "sha512-6vbWav/DLzq80mogkaFKp7iEH3DeJNKiBnMRcgJhceFUv7zJ+QKHrqlXFEcOdcqo0tWQHRZuM8gi4QN9p5ykqw=="
    },
    "types-for-adobe": {
      "version": "7.0.6",
      "resolved": "https://registry.npmjs.org/types-for-adobe/-/types-for-adobe-7.0.6.tgz",
      "integrity": "sha512-HhqTLj5TkI8HCm7NncG23H7VKrmvWhX2Gh0KpY2keISi1eJ+JYX715Jyi1ovmgPXPLBOS7i7ZlkgP4zvBOTo8Q=="
    }
  }
}
